
Microsoft Visual Studio Solution File, Format Version 12.00
# Visual Studio 14
VisualStudioVersion = 14.0.23107.0
MinimumVisualStudioVersion = 10.0.40219.1
Project("{2150E333-8FDC-42A3-9474-1A3956D46DE8}") = "Week 3", "Week 3", "{B9A706EB-5CB9-4167-82EF-8F377DD4059B}"
EndProject
Project("{FAE04EC0-301F-11D3-BF4B-00C04F79EFBC}") = "Delegates", "Opdracht 1 Delegates\Delegates.csproj", "{DBE91256-80AC-4CC6-A25A-EE2E93DAAF21}"
EndProject
Project("{FAE04EC0-301F-11D3-BF4B-00C04F79EFBC}") = "Eigen Delegate", "Opdracht 1 Eigen Delegate\Eigen Delegate.csproj", "{3F7F802E-D5EA-48A6-A320-8C3188CF850A}"
EndProject
Project("{2150E333-8FDC-42A3-9474-1A3956D46DE8}") = "Opdracht 2", "Opdracht 2", "{7A261AE9-3362-46B8-8A3F-68327DA76AE9}"
EndProject
Project("{2150E333-8FDC-42A3-9474-1A3956D46DE8}") = "Opdracht 1", "Opdracht 1", "{44780608-39D3-4FF9-AE9B-25A5D3611751}"
EndProject
Project("{FAE04EC0-301F-11D3-BF4B-00C04F79EFBC}") = "Server", "Server\Server.csproj", "{5D442D41-6250-4EC3-9E47-941CB4DF89F0}"
EndProject
Project("{FAE04EC0-301F-11D3-BF4B-00C04F79EFBC}") = "Client", "Client\Client.csproj", "{3F3D5BE2-DE0B-4E51-91F0-5629C8025E3F}"
EndProject
Project("{FAE04EC0-301F-11D3-BF4B-00C04F79EFBC}") = "sharedLibrary", "sharedLibrary\sharedLibrary.csproj", "{CE45AC8F-931C-4E31-AF76-8FC47976D0FC}"
EndProject
Project("{FAE04EC0-301F-11D3-BF4B-00C04F79EFBC}") = "Client2", "Client2\Client2.csproj", "{35171EA9-0541-4A59-A6A5-03A9FE8E643B}"
EndProject
Project("{2150E333-8FDC-42A3-9474-1A3956D46DE8}") = "miniproject", "miniproject", "{6A1E03B8-223C-4F3C-ADF6-D49FBC471123}"
EndProject
Project("{FAE04EC0-301F-11D3-BF4B-00C04F79EFBC}") = "CommunicationLibrary", "CommunicationLibrary\CommunicationLibrary.csproj", "{0AFA7A3C-8CF0-4491-A04D-F5BC12B378A0}"
EndProject
Project("{FAE04EC0-301F-11D3-BF4B-00C04F79EFBC}") = "GameServer", "GameServer\GameServer.csproj", "{939A2FB4-E251-4EE6-AD1B-B0A280F85A0C}"
EndProject
Project("{FAE04EC0-301F-11D3-BF4B-00C04F79EFBC}") = "GameClient", "GameClient\GameClient.csproj", "{463A90F0-549D-4163-9442-E0CF965EB812}"
EndProject
Project("{FAE04EC0-301F-11D3-BF4B-00C04F79EFBC}") = "GameClient2", "GameClient2\GameClient2.csproj", "{10F74588-8155-4701-A950-6DE0254F9592}"
EndProject
Global
	GlobalSection(SolutionConfigurationPlatforms) = preSolution
		Debug|Any CPU = Debug|Any CPU
		Release|Any CPU = Release|Any CPU
	EndGlobalSection
	GlobalSection(ProjectConfigurationPlatforms) = postSolution
		{DBE91256-80AC-4CC6-A25A-EE2E93DAAF21}.Debug|Any CPU.ActiveCfg = Debug|Any CPU
		{DBE91256-80AC-4CC6-A25A-EE2E93DAAF21}.Debug|Any CPU.Build.0 = Debug|Any CPU
		{DBE91256-80AC-4CC6-A25A-EE2E93DAAF21}.Release|Any CPU.ActiveCfg = Release|Any CPU
		{DBE91256-80AC-4CC6-A25A-EE2E93DAAF21}.Release|Any CPU.Build.0 = Release|Any CPU
		{3F7F802E-D5EA-48A6-A320-8C3188CF850A}.Debug|Any CPU.ActiveCfg = Debug|Any CPU
		{3F7F802E-D5EA-48A6-A320-8C3188CF850A}.Debug|Any CPU.Build.0 = Debug|Any CPU
		{3F7F802E-D5EA-48A6-A320-8C3188CF850A}.Release|Any CPU.ActiveCfg = Release|Any CPU
		{3F7F802E-D5EA-48A6-A320-8C3188CF850A}.Release|Any CPU.Build.0 = Release|Any CPU
		{5D442D41-6250-4EC3-9E47-941CB4DF89F0}.Debug|Any CPU.ActiveCfg = Debug|Any CPU
		{5D442D41-6250-4EC3-9E47-941CB4DF89F0}.Debug|Any CPU.Build.0 = Debug|Any CPU
		{5D442D41-6250-4EC3-9E47-941CB4DF89F0}.Release|Any CPU.ActiveCfg = Release|Any CPU
		{5D442D41-6250-4EC3-9E47-941CB4DF89F0}.Release|Any CPU.Build.0 = Release|Any CPU
		{3F3D5BE2-DE0B-4E51-91F0-5629C8025E3F}.Debug|Any CPU.ActiveCfg = Debug|Any CPU
		{3F3D5BE2-DE0B-4E51-91F0-5629C8025E3F}.Debug|Any CPU.Build.0 = Debug|Any CPU
		{3F3D5BE2-DE0B-4E51-91F0-5629C8025E3F}.Release|Any CPU.ActiveCfg = Release|Any CPU
		{3F3D5BE2-DE0B-4E51-91F0-5629C8025E3F}.Release|Any CPU.Build.0 = Release|Any CPU
		{CE45AC8F-931C-4E31-AF76-8FC47976D0FC}.Debug|Any CPU.ActiveCfg = Debug|Any CPU
		{CE45AC8F-931C-4E31-AF76-8FC47976D0FC}.Debug|Any CPU.Build.0 = Debug|Any CPU
		{CE45AC8F-931C-4E31-AF76-8FC47976D0FC}.Release|Any CPU.ActiveCfg = Release|Any CPU
		{CE45AC8F-931C-4E31-AF76-8FC47976D0FC}.Release|Any CPU.Build.0 = Release|Any CPU
		{35171EA9-0541-4A59-A6A5-03A9FE8E643B}.Debug|Any CPU.ActiveCfg = Debug|Any CPU
		{35171EA9-0541-4A59-A6A5-03A9FE8E643B}.Debug|Any CPU.Build.0 = Debug|Any CPU
		{35171EA9-0541-4A59-A6A5-03A9FE8E643B}.Release|Any CPU.ActiveCfg = Release|Any CPU
		{35171EA9-0541-4A59-A6A5-03A9FE8E643B}.Release|Any CPU.Build.0 = Release|Any CPU
		{0AFA7A3C-8CF0-4491-A04D-F5BC12B378A0}.Debug|Any CPU.ActiveCfg = Debug|Any CPU
		{0AFA7A3C-8CF0-4491-A04D-F5BC12B378A0}.Debug|Any CPU.Build.0 = Debug|Any CPU
		{0AFA7A3C-8CF0-4491-A04D-F5BC12B378A0}.Release|Any CPU.ActiveCfg = Release|Any CPU
		{0AFA7A3C-8CF0-4491-A04D-F5BC12B378A0}.Release|Any CPU.Build.0 = Release|Any CPU
		{939A2FB4-E251-4EE6-AD1B-B0A280F85A0C}.Debug|Any CPU.ActiveCfg = Debug|Any CPU
		{939A2FB4-E251-4EE6-AD1B-B0A280F85A0C}.Debug|Any CPU.Build.0 = Debug|Any CPU
		{939A2FB4-E251-4EE6-AD1B-B0A280F85A0C}.Release|Any CPU.ActiveCfg = Release|Any CPU
		{939A2FB4-E251-4EE6-AD1B-B0A280F85A0C}.Release|Any CPU.Build.0 = Release|Any CPU
		{463A90F0-549D-4163-9442-E0CF965EB812}.Debug|Any CPU.ActiveCfg = Debug|Any CPU
		{463A90F0-549D-4163-9442-E0CF965EB812}.Debug|Any CPU.Build.0 = Debug|Any CPU
		{463A90F0-549D-4163-9442-E0CF965EB812}.Release|Any CPU.ActiveCfg = Release|Any CPU
		{463A90F0-549D-4163-9442-E0CF965EB812}.Release|Any CPU.Build.0 = Release|Any CPU
		{10F74588-8155-4701-A950-6DE0254F9592}.Debug|Any CPU.ActiveCfg = Debug|Any CPU
		{10F74588-8155-4701-A950-6DE0254F9592}.Debug|Any CPU.Build.0 = Debug|Any CPU
		{10F74588-8155-4701-A950-6DE0254F9592}.Release|Any CPU.ActiveCfg = Release|Any CPU
		{10F74588-8155-4701-A950-6DE0254F9592}.Release|Any CPU.Build.0 = Release|Any CPU
	EndGlobalSection
	GlobalSection(SolutionProperties) = preSolution
		HideSolutionNode = FALSE
	EndGlobalSection
	GlobalSection(NestedProjects) = preSolution
		{DBE91256-80AC-4CC6-A25A-EE2E93DAAF21} = {44780608-39D3-4FF9-AE9B-25A5D3611751}
		{3F7F802E-D5EA-48A6-A320-8C3188CF850A} = {44780608-39D3-4FF9-AE9B-25A5D3611751}
		{7A261AE9-3362-46B8-8A3F-68327DA76AE9} = {B9A706EB-5CB9-4167-82EF-8F377DD4059B}
		{44780608-39D3-4FF9-AE9B-25A5D3611751} = {B9A706EB-5CB9-4167-82EF-8F377DD4059B}
		{5D442D41-6250-4EC3-9E47-941CB4DF89F0} = {7A261AE9-3362-46B8-8A3F-68327DA76AE9}
		{3F3D5BE2-DE0B-4E51-91F0-5629C8025E3F} = {7A261AE9-3362-46B8-8A3F-68327DA76AE9}
		{CE45AC8F-931C-4E31-AF76-8FC47976D0FC} = {7A261AE9-3362-46B8-8A3F-68327DA76AE9}
		{35171EA9-0541-4A59-A6A5-03A9FE8E643B} = {7A261AE9-3362-46B8-8A3F-68327DA76AE9}
		{6A1E03B8-223C-4F3C-ADF6-D49FBC471123} = {B9A706EB-5CB9-4167-82EF-8F377DD4059B}
		{0AFA7A3C-8CF0-4491-A04D-F5BC12B378A0} = {6A1E03B8-223C-4F3C-ADF6-D49FBC471123}
		{939A2FB4-E251-4EE6-AD1B-B0A280F85A0C} = {6A1E03B8-223C-4F3C-ADF6-D49FBC471123}
		{463A90F0-549D-4163-9442-E0CF965EB812} = {6A1E03B8-223C-4F3C-ADF6-D49FBC471123}
		{10F74588-8155-4701-A950-6DE0254F9592} = {6A1E03B8-223C-4F3C-ADF6-D49FBC471123}
	EndGlobalSection
EndGlobal
