
Microsoft Visual Studio Solution File, Format Version 12.00
# Visual Studio 14
VisualStudioVersion = 14.0.23107.0
MinimumVisualStudioVersion = 10.0.40219.1
Project("{FAE04EC0-301F-11D3-BF4B-00C04F79EFBC}") = "opdracht 2.1", "opdrachten\opdracht 2.1.csproj", "{57869905-F353-4A3E-A772-4FAF645BB0EA}"
EndProject
Project("{FAE04EC0-301F-11D3-BF4B-00C04F79EFBC}") = "opdracht 2.2", "opdracht2.2\opdracht 2.2.csproj", "{E494A926-DDEF-4CE0-ACC5-7F309E1EEFB6}"
EndProject
Project("{FAE04EC0-301F-11D3-BF4B-00C04F79EFBC}") = "opdracht 3", "opdracht 3\opdracht 3.csproj", "{CCB0E1F3-CF91-4EC2-B515-DDE7A3E0C549}"
EndProject
Global
	GlobalSection(SolutionConfigurationPlatforms) = preSolution
		Debug|Any CPU = Debug|Any CPU
		Release|Any CPU = Release|Any CPU
	EndGlobalSection
	GlobalSection(ProjectConfigurationPlatforms) = postSolution
		{57869905-F353-4A3E-A772-4FAF645BB0EA}.Debug|Any CPU.ActiveCfg = Debug|Any CPU
		{57869905-F353-4A3E-A772-4FAF645BB0EA}.Debug|Any CPU.Build.0 = Debug|Any CPU
		{57869905-F353-4A3E-A772-4FAF645BB0EA}.Release|Any CPU.ActiveCfg = Release|Any CPU
		{57869905-F353-4A3E-A772-4FAF645BB0EA}.Release|Any CPU.Build.0 = Release|Any CPU
		{E494A926-DDEF-4CE0-ACC5-7F309E1EEFB6}.Debug|Any CPU.ActiveCfg = Debug|Any CPU
		{E494A926-DDEF-4CE0-ACC5-7F309E1EEFB6}.Debug|Any CPU.Build.0 = Debug|Any CPU
		{E494A926-DDEF-4CE0-ACC5-7F309E1EEFB6}.Release|Any CPU.ActiveCfg = Release|Any CPU
		{E494A926-DDEF-4CE0-ACC5-7F309E1EEFB6}.Release|Any CPU.Build.0 = Release|Any CPU
		{CCB0E1F3-CF91-4EC2-B515-DDE7A3E0C549}.Debug|Any CPU.ActiveCfg = Debug|Any CPU
		{CCB0E1F3-CF91-4EC2-B515-DDE7A3E0C549}.Debug|Any CPU.Build.0 = Debug|Any CPU
		{CCB0E1F3-CF91-4EC2-B515-DDE7A3E0C549}.Release|Any CPU.ActiveCfg = Release|Any CPU
		{CCB0E1F3-CF91-4EC2-B515-DDE7A3E0C549}.Release|Any CPU.Build.0 = Release|Any CPU
	EndGlobalSection
	GlobalSection(SolutionProperties) = preSolution
		HideSolutionNode = FALSE
	EndGlobalSection
EndGlobal
